PODS:
  - HornsAppCore (1.3.4)

DEPENDENCIES:
  - HornsAppCore (~> 1.3.4)

SPEC REPOS:
  https://github.com/Yesferal/HornsApp-PodSpecs.git:
    - HornsAppCore

SPEC CHECKSUMS:
  HornsAppCore: d67e5faa55c1b2094de9f339b6cb1ab30b4226ff

PODFILE CHECKSUM: a62699942db2b7b19313d0902c0bd7c469686763

COCOAPODS: 1.16.2
