PODS:
  - Alamofire (5.10.2)
  - HornsAppCore (1.4.4)

DEPENDENCIES:
  - Alamofire (~> 5.10.2)
  - HornsAppCore (from `../../Kotlin/HornsApp-Core`)

SPEC REPOS:
  https://github.com/CocoaPods/Specs.git:
    - Alamofire

EXTERNAL SOURCES:
  HornsAppCore:
    :path: "../../Kotlin/HornsApp-Core"

SPEC CHECKSUMS:
  Alamofire: 7193b3b92c74a07f85569e1a6c4f4237291e7496
  HornsAppCore: 15569e46f988e3a2a63bccd89c99b18bc908cf8f

PODFILE CHECKSUM: 633b1e18f47db6baab48200f3acd9c415e31bd40

COCOAPODS: 1.16.2
