// !$*UTF8*$!
{
	archiveVersion = 1;
	classes = {
	};
	objectVersion = 77;
	objects = {

/* Begin PBXBuildFile section */
		373E83BE27D8D8C1C4196FE4 /* libPods-SharedPods-HornsApp.a in Frameworks */ = {isa = PBXBuildFile; fileRef = B1E935E5B108F844A986F52E /* libPods-SharedPods-HornsApp.a */; };
		EC2DC2BA0C2901F4C78F6523 /* libPods-SharedPods-Muvin.a in Frameworks */ = {isa = PBXBuildFile; fileRef = CB67C96A3117E64CF5C4128A /* libPods-SharedPods-Muvin.a */; };
/* End PBXBuildFile section */

/* Begin PBXContainerItemProxy section */
		72B2D5CB2DDA8F8D002A82C4 /* PBXContainerItemProxy */ = {
			isa = PBXContainerItemProxy;
			containerPortal = 72B2D5B52DDA8F8B002A82C4 /* Project object */;
			proxyType = 1;
			remoteGlobalIDString = 72B2D5BC2DDA8F8B002A82C4;
			remoteInfo = HornsApp;
		};
		72B2D5D52DDA8F8D002A82C4 /* PBXContainerItemProxy */ = {
			isa = PBXContainerItemProxy;
			containerPortal = 72B2D5B52DDA8F8B002A82C4 /* Project object */;
			proxyType = 1;
			remoteGlobalIDString = 72B2D5BC2DDA8F8B002A82C4;
			remoteInfo = HornsApp;
		};
/* End PBXContainerItemProxy section */

/* Begin PBXFileReference section */
		72B2D5BD2DDA8F8B002A82C4 /* HornsApp.app */ = {isa = PBXFileReference; explicitFileType = wrapper.application; includeInIndex = 0; path = HornsApp.app; sourceTree = BUILT_PRODUCTS_DIR; };
		72B2D5CA2DDA8F8D002A82C4 /* HornsAppTests.xctest */ = {isa = PBXFileReference; explicitFileType = wrapper.cfbundle; includeInIndex = 0; path = HornsAppTests.xctest; sourceTree = BUILT_PRODUCTS_DIR; };
		72B2D5D42DDA8F8D002A82C4 /* HornsAppUITests.xctest */ = {isa = PBXFileReference; explicitFileType = wrapper.cfbundle; includeInIndex = 0; path = HornsAppUITests.xctest; sourceTree = BUILT_PRODUCTS_DIR; };
		72B3EC282ECFBC8A001F0579 /* MuvinApp.app */ = {isa = PBXFileReference; explicitFileType = wrapper.application; includeInIndex = 0; path = MuvinApp.app; sourceTree = BUILT_PRODUCTS_DIR; };
		B1E935E5B108F844A986F52E /* libPods-SharedPods-HornsApp.a */ = {isa = PBXFileReference; explicitFileType = archive.ar; includeInIndex = 0; path = "libPods-SharedPods-HornsApp.a"; sourceTree = BUILT_PRODUCTS_DIR; };
		B3E5F0BE5E5F45130DD60F15 /* Pods-SharedPods-HornsApp.debug.xcconfig */ = {isa = PBXFileReference; includeInIndex = 1; lastKnownFileType = text.xcconfig; name = "Pods-SharedPods-HornsApp.debug.xcconfig"; path = "Target Support Files/Pods-SharedPods-HornsApp/Pods-SharedPods-HornsApp.debug.xcconfig"; sourceTree = "<group>"; };
		BA62687FBCBA033DE8E50125 /* Pods-SharedPods-Muvin.debug.xcconfig */ = {isa = PBXFileReference; includeInIndex = 1; lastKnownFileType = text.xcconfig; name = "Pods-SharedPods-Muvin.debug.xcconfig"; path = "Target Support Files/Pods-SharedPods-Muvin/Pods-SharedPods-Muvin.debug.xcconfig"; sourceTree = "<group>"; };
		BC745B95020C68E4D8DFE224 /* Pods-SharedPods-HornsApp.release.xcconfig */ = {isa = PBXFileReference; includeInIndex = 1; lastKnownFileType = text.xcconfig; name = "Pods-SharedPods-HornsApp.release.xcconfig"; path = "Target Support Files/Pods-SharedPods-HornsApp/Pods-SharedPods-HornsApp.release.xcconfig"; sourceTree = "<group>"; };
		CB67C96A3117E64CF5C4128A /* libPods-SharedPods-Muvin.a */ = {isa = PBXFileReference; explicitFileType = archive.ar; includeInIndex = 0; path = "libPods-SharedPods-Muvin.a"; sourceTree = BUILT_PRODUCTS_DIR; };
		CE6CEE60CF41F5AF131216E0 /* Pods-SharedPods-Muvin.release.xcconfig */ = {isa = PBXFileReference; includeInIndex = 1; lastKnownFileType = text.xcconfig; name = "Pods-SharedPods-Muvin.release.xcconfig"; path = "Target Support Files/Pods-SharedPods-Muvin/Pods-SharedPods-Muvin.release.xcconfig"; sourceTree = "<group>"; };
/* End PBXFileReference section */

/* Begin PBXFileSystemSynchronizedBuildFileExceptionSet section */
		728AD9F02ED3849B00EFDF27 /* Exceptions for "HornsApp" folder in "MuvinApp" target */ = {
			isa = PBXFileSystemSynchronizedBuildFileExceptionSet;
			membershipExceptions = (
				.gitignore,
				framework/hapk/wrapper/hapk.cpp,
				"HornsApp-Info.plist",
				HornsAppAssets.xcassets,
				presentation/environment/AppSettings.swift,
				presentation/theme/ThemeExt.swift,
				resources/app_render.json,
			);
			target = 72B3EC1D2ECFBC8A001F0579 /* MuvinApp */;
		};
		728ADDFC2ED3B01900EFDF27 /* Exceptions for "HornsApp" folder in "HornsApp" target */ = {
			isa = PBXFileSystemSynchronizedBuildFileExceptionSet;
			membershipExceptions = (
				.gitignore,
			);
			target = 72B2D5BC2DDA8F8B002A82C4 /* HornsApp */;
		};
		728ADDFD2ED3B01900EFDF27 /* Exceptions for "BaseApp" folder in "HornsApp" target */ = {
			isa = PBXFileSystemSynchronizedBuildFileExceptionSet;
			membershipExceptions = (
				.gitignore,
			);
			target = 72B2D5BC2DDA8F8B002A82C4 /* HornsApp */;
		};
		728ADDFE2ED3B02100EFDF27 /* Exceptions for "BaseApp" folder in "MuvinApp" target */ = {
			isa = PBXFileSystemSynchronizedBuildFileExceptionSet;
			membershipExceptions = (
				.gitignore,
			);
			target = 72B3EC1D2ECFBC8A001F0579 /* MuvinApp */;
		};
		728ADDFF2ED3B02100EFDF27 /* Exceptions for "MuvinApp" folder in "MuvinApp" target */ = {
			isa = PBXFileSystemSynchronizedBuildFileExceptionSet;
			membershipExceptions = (
				.gitignore,
			);
			target = 72B3EC1D2ECFBC8A001F0579 /* MuvinApp */;
		};
/* End PBXFileSystemSynchronizedBuildFileExceptionSet section */

/* Begin PBXFileSystemSynchronizedRootGroup section */
		7218BD5D2DE546EF003389F0 /* BaseApp */ = {
			isa = PBXFileSystemSynchronizedRootGroup;
			exceptions = (
				728ADDFD2ED3B01900EFDF27 /* Exceptions for "BaseApp" folder in "HornsApp" target */,
				728ADDFE2ED3B02100EFDF27 /* Exceptions for "BaseApp" folder in "MuvinApp" target */,
			);
			path = BaseApp;
			sourceTree = "<group>";
		};
		728AD9ED2ED3847B00EFDF27 /* HornsApp */ = {
			isa = PBXFileSystemSynchronizedRootGroup;
			exceptions = (
				728ADDFC2ED3B01900EFDF27 /* Exceptions for "HornsApp" folder in "HornsApp" target */,
				728AD9F02ED3849B00EFDF27 /* Exceptions for "HornsApp" folder in "MuvinApp" target */,
			);
			path = HornsApp;
			sourceTree = "<group>";
		};
		72B2D5CD2DDA8F8D002A82C4 /* HornsAppTests */ = {
			isa = PBXFileSystemSynchronizedRootGroup;
			path = HornsAppTests;
			sourceTree = "<group>";
		};
		72B2D5D72DDA8F8D002A82C4 /* HornsAppUITests */ = {
			isa = PBXFileSystemSynchronizedRootGroup;
			path = HornsAppUITests;
			sourceTree = "<group>";
		};
		72B3EE172ECFC93A001F0579 /* MuvinApp */ = {
			isa = PBXFileSystemSynchronizedRootGroup;
			exceptions = (
				728ADDFF2ED3B02100EFDF27 /* Exceptions for "MuvinApp" folder in "MuvinApp" target */,
			);
			path = MuvinApp;
			sourceTree = "<group>";
		};
/* End PBXFileSystemSynchronizedRootGroup section */

/* Begin PBXFrameworksBuildPhase section */
		72B2D5BA2DDA8F8B002A82C4 /* Frameworks */ = {
			isa = PBXFrameworksBuildPhase;
			buildActionMask = 2147483647;
			files = (
				373E83BE27D8D8C1C4196FE4 /* libPods-SharedPods-HornsApp.a in Frameworks */,
			);
			runOnlyForDeploymentPostprocessing = 0;
		};
		72B2D5C72DDA8F8D002A82C4 /* Frameworks */ = {
			isa = PBXFrameworksBuildPhase;
			buildActionMask = 2147483647;
			files = (
			);
			runOnlyForDeploymentPostprocessing = 0;
		};
		72B2D5D12DDA8F8D002A82C4 /* Frameworks */ = {
			isa = PBXFrameworksBuildPhase;
			buildActionMask = 2147483647;
			files = (
			);
			runOnlyForDeploymentPostprocessing = 0;
		};
		72B3EC202ECFBC8A001F0579 /* Frameworks */ = {
			isa = PBXFrameworksBuildPhase;
			buildActionMask = 2147483647;
			files = (
				EC2DC2BA0C2901F4C78F6523 /* libPods-SharedPods-Muvin.a in Frameworks */,
			);
			runOnlyForDeploymentPostprocessing = 0;
		};
/* End PBXFrameworksBuildPhase section */

/* Begin PBXGroup section */
		72B2D5B42DDA8F8B002A82C4 = {
			isa = PBXGroup;
			children = (
				728AD9ED2ED3847B00EFDF27 /* HornsApp */,
				72B3EE172ECFC93A001F0579 /* MuvinApp */,
				7218BD5D2DE546EF003389F0 /* BaseApp */,
				72B2D5CD2DDA8F8D002A82C4 /* HornsAppTests */,
				72B2D5D72DDA8F8D002A82C4 /* HornsAppUITests */,
				72B2D5BE2DDA8F8B002A82C4 /* Products */,
				DE232E0A3F39AE1757BA4038 /* Pods */,
				B10A65FE503EC2CFF1C75D36 /* Frameworks */,
			);
			sourceTree = "<group>";
		};
		72B2D5BE2DDA8F8B002A82C4 /* Products */ = {
			isa = PBXGroup;
			children = (
				72B2D5BD2DDA8F8B002A82C4 /* HornsApp.app */,
				72B2D5CA2DDA8F8D002A82C4 /* HornsAppTests.xctest */,
				72B2D5D42DDA8F8D002A82C4 /* HornsAppUITests.xctest */,
				72B3EC282ECFBC8A001F0579 /* MuvinApp.app */,
			);
			name = Products;
			sourceTree = "<group>";
		};
		B10A65FE503EC2CFF1C75D36 /* Frameworks */ = {
			isa = PBXGroup;
			children = (
				B1E935E5B108F844A986F52E /* libPods-SharedPods-HornsApp.a */,
				CB67C96A3117E64CF5C4128A /* libPods-SharedPods-Muvin.a */,
			);
			name = Frameworks;
			sourceTree = "<group>";
		};
		DE232E0A3F39AE1757BA4038 /* Pods */ = {
			isa = PBXGroup;
			children = (
				B3E5F0BE5E5F45130DD60F15 /* Pods-SharedPods-HornsApp.debug.xcconfig */,
				BC745B95020C68E4D8DFE224 /* Pods-SharedPods-HornsApp.release.xcconfig */,
				BA62687FBCBA033DE8E50125 /* Pods-SharedPods-Muvin.debug.xcconfig */,
				CE6CEE60CF41F5AF131216E0 /* Pods-SharedPods-Muvin.release.xcconfig */,
			);
			path = Pods;
			sourceTree = "<group>";
		};
/* End PBXGroup section */

/* Begin PBXNativeTarget section */
		72B2D5BC2DDA8F8B002A82C4 /* HornsApp */ = {
			isa = PBXNativeTarget;
			buildConfigurationList = 72B2D5DE2DDA8F8D002A82C4 /* Build configuration list for PBXNativeTarget "HornsApp" */;
			buildPhases = (
				8123F32F0E67054BD07BBBE1 /* [CP] Check Pods Manifest.lock */,
				72B2D5B92DDA8F8B002A82C4 /* Sources */,
				72B2D5BA2DDA8F8B002A82C4 /* Frameworks */,
				72B2D5BB2DDA8F8B002A82C4 /* Resources */,
				4F6FB8718D40DC29A208008E /* [CP] Embed Pods Frameworks */,
				1C20528B5658E5476FD15814 /* [CP] Copy Pods Resources */,
			);
			buildRules = (
			);
			dependencies = (
			);
			fileSystemSynchronizedGroups = (
				7218BD5D2DE546EF003389F0 /* BaseApp */,
				728AD9ED2ED3847B00EFDF27 /* HornsApp */,
			);
			name = HornsApp;
			productName = HornsApp;
			productReference = 72B2D5BD2DDA8F8B002A82C4 /* HornsApp.app */;
			productType = "com.apple.product-type.application";
		};
		72B2D5C92DDA8F8D002A82C4 /* HornsAppTests */ = {
			isa = PBXNativeTarget;
			buildConfigurationList = 72B2D5E12DDA8F8D002A82C4 /* Build configuration list for PBXNativeTarget "HornsAppTests" */;
			buildPhases = (
				72B2D5C62DDA8F8D002A82C4 /* Sources */,
				72B2D5C72DDA8F8D002A82C4 /* Frameworks */,
				72B2D5C82DDA8F8D002A82C4 /* Resources */,
			);
			buildRules = (
			);
			dependencies = (
				72B2D5CC2DDA8F8D002A82C4 /* PBXTargetDependency */,
			);
			fileSystemSynchronizedGroups = (
				72B2D5CD2DDA8F8D002A82C4 /* HornsAppTests */,
			);
			name = HornsAppTests;
			productName = HornsAppTests;
			productReference = 72B2D5CA2DDA8F8D002A82C4 /* HornsAppTests.xctest */;
			productType = "com.apple.product-type.bundle.unit-test";
		};
		72B2D5D32DDA8F8D002A82C4 /* HornsAppUITests */ = {
			isa = PBXNativeTarget;
			buildConfigurationList = 72B2D5E42DDA8F8D002A82C4 /* Build configuration list for PBXNativeTarget "HornsAppUITests" */;
			buildPhases = (
				72B2D5D02DDA8F8D002A82C4 /* Sources */,
				72B2D5D12DDA8F8D002A82C4 /* Frameworks */,
				72B2D5D22DDA8F8D002A82C4 /* Resources */,
			);
			buildRules = (
			);
			dependencies = (
				72B2D5D62DDA8F8D002A82C4 /* PBXTargetDependency */,
			);
			fileSystemSynchronizedGroups = (
				72B2D5D72DDA8F8D002A82C4 /* HornsAppUITests */,
			);
			name = HornsAppUITests;
			productName = HornsAppUITests;
			productReference = 72B2D5D42DDA8F8D002A82C4 /* HornsAppUITests.xctest */;
			productType = "com.apple.product-type.bundle.ui-testing";
		};
		72B3EC1D2ECFBC8A001F0579 /* MuvinApp */ = {
			isa = PBXNativeTarget;
			buildConfigurationList = 72B3EC252ECFBC8A001F0579 /* Build configuration list for PBXNativeTarget "MuvinApp" */;
			buildPhases = (
				601BAE5BFBAFF3E18FEC1D8D /* [CP] Check Pods Manifest.lock */,
				72B3EC1F2ECFBC8A001F0579 /* Sources */,
				72B3EC202ECFBC8A001F0579 /* Frameworks */,
				72B3EC222ECFBC8A001F0579 /* Resources */,
				55DA985B5B247262EF9456A9 /* [CP] Embed Pods Frameworks */,
				9818E39EC42848993C2CA44B /* [CP] Copy Pods Resources */,
			);
			buildRules = (
			);
			dependencies = (
			);
			fileSystemSynchronizedGroups = (
				7218BD5D2DE546EF003389F0 /* BaseApp */,
				728AD9ED2ED3847B00EFDF27 /* HornsApp */,
				72B3EE172ECFC93A001F0579 /* MuvinApp */,
			);
			name = MuvinApp;
			productName = HornsApp;
			productReference = 72B3EC282ECFBC8A001F0579 /* MuvinApp.app */;
			productType = "com.apple.product-type.application";
		};
/* End PBXNativeTarget section */

/* Begin PBXProject section */
		72B2D5B52DDA8F8B002A82C4 /* Project object */ = {
			isa = PBXProject;
			attributes = {
				BuildIndependentTargetsInParallel = 1;
				LastSwiftUpdateCheck = 1630;
				LastUpgradeCheck = 1630;
				TargetAttributes = {
					72B2D5BC2DDA8F8B002A82C4 = {
						CreatedOnToolsVersion = 16.3;
						LastSwiftMigration = 1630;
					};
					72B2D5C92DDA8F8D002A82C4 = {
						CreatedOnToolsVersion = 16.3;
						TestTargetID = 72B2D5BC2DDA8F8B002A82C4;
					};
					72B2D5D32DDA8F8D002A82C4 = {
						CreatedOnToolsVersion = 16.3;
						TestTargetID = 72B2D5BC2DDA8F8B002A82C4;
					};
				};
			};
			buildConfigurationList = 72B2D5B82DDA8F8B002A82C4 /* Build configuration list for PBXProject "HornsApp" */;
			developmentRegion = en;
			hasScannedForEncodings = 0;
			knownRegions = (
				en,
				Base,
				es,
			);
			mainGroup = 72B2D5B42DDA8F8B002A82C4;
			minimizedProjectReferenceProxies = 1;
			preferredProjectObjectVersion = 77;
			productRefGroup = 72B2D5BE2DDA8F8B002A82C4 /* Products */;
			projectDirPath = "";
			projectRoot = "";
			targets = (
				72B2D5BC2DDA8F8B002A82C4 /* HornsApp */,
				72B2D5C92DDA8F8D002A82C4 /* HornsAppTests */,
				72B2D5D32DDA8F8D002A82C4 /* HornsAppUITests */,
				72B3EC1D2ECFBC8A001F0579 /* MuvinApp */,
			);
		};
/* End PBXProject section */

/* Begin PBXResourcesBuildPhase section */
		72B2D5BB2DDA8F8B002A82C4 /* Resources */ = {
			isa = PBXResourcesBuildPhase;
			buildActionMask = 2147483647;
			files = (
			);
			runOnlyForDeploymentPostprocessing = 0;
		};
		72B2D5C82DDA8F8D002A82C4 /* Resources */ = {
			isa = PBXResourcesBuildPhase;
			buildActionMask = 2147483647;
			files = (
			);
			runOnlyForDeploymentPostprocessing = 0;
		};
		72B2D5D22DDA8F8D002A82C4 /* Resources */ = {
			isa = PBXResourcesBuildPhase;
			buildActionMask = 2147483647;
			files = (
			);
			runOnlyForDeploymentPostprocessing = 0;
		};
		72B3EC222ECFBC8A001F0579 /* Resources */ = {
			isa = PBXResourcesBuildPhase;
			buildActionMask = 2147483647;
			files = (
			);
			runOnlyForDeploymentPostprocessing = 0;
		};
/* End PBXResourcesBuildPhase section */

/* Begin PBXShellScriptBuildPhase section */
		1C20528B5658E5476FD15814 /* [CP] Copy Pods Resources */ = {
			isa = PBXShellScriptBuildPhase;
			buildActionMask = 2147483647;
			files = (
			);
			inputFileListPaths = (
				"${PODS_ROOT}/Target Support Files/Pods-SharedPods-HornsApp/Pods-SharedPods-HornsApp-resources-${CONFIGURATION}-input-files.xcfilelist",
			);
			inputPaths = (
			);
			name = "[CP] Copy Pods Resources";
			outputFileListPaths = (
				"${PODS_ROOT}/Target Support Files/Pods-SharedPods-HornsApp/Pods-SharedPods-HornsApp-resources-${CONFIGURATION}-output-files.xcfilelist",
			);
			outputPaths = (
			);
			runOnlyForDeploymentPostprocessing = 0;
			shellPath = /bin/sh;
			shellScript = "\"${PODS_ROOT}/Target Support Files/Pods-SharedPods-HornsApp/Pods-SharedPods-HornsApp-resources.sh\"\n";
			showEnvVarsInLog = 0;
		};
		4F6FB8718D40DC29A208008E /* [CP] Embed Pods Frameworks */ = {
			isa = PBXShellScriptBuildPhase;
			buildActionMask = 2147483647;
			files = (
			);
			inputFileListPaths = (
				"${PODS_ROOT}/Target Support Files/Pods-SharedPods-HornsApp/Pods-SharedPods-HornsApp-frameworks-${CONFIGURATION}-input-files.xcfilelist",
			);
			inputPaths = (
			);
			name = "[CP] Embed Pods Frameworks";
			outputFileListPaths = (
				"${PODS_ROOT}/Target Support Files/Pods-SharedPods-HornsApp/Pods-SharedPods-HornsApp-frameworks-${CONFIGURATION}-output-files.xcfilelist",
			);
			outputPaths = (
			);
			runOnlyForDeploymentPostprocessing = 0;
			shellPath = /bin/sh;
			shellScript = "\"${PODS_ROOT}/Target Support Files/Pods-SharedPods-HornsApp/Pods-SharedPods-HornsApp-frameworks.sh\"\n";
			showEnvVarsInLog = 0;
		};
		55DA985B5B247262EF9456A9 /* [CP] Embed Pods Frameworks */ = {
			isa = PBXShellScriptBuildPhase;
			buildActionMask = 2147483647;
			files = (
			);
			inputFileListPaths = (
				"${PODS_ROOT}/Target Support Files/Pods-SharedPods-Muvin/Pods-SharedPods-Muvin-frameworks-${CONFIGURATION}-input-files.xcfilelist",
			);
			inputPaths = (
			);
			name = "[CP] Embed Pods Frameworks";
			outputFileListPaths = (
				"${PODS_ROOT}/Target Support Files/Pods-SharedPods-Muvin/Pods-SharedPods-Muvin-frameworks-${CONFIGURATION}-output-files.xcfilelist",
			);
			outputPaths = (
			);
			runOnlyForDeploymentPostprocessing = 0;
			shellPath = /bin/sh;
			shellScript = "\"${PODS_ROOT}/Target Support Files/Pods-SharedPods-Muvin/Pods-SharedPods-Muvin-frameworks.sh\"\n";
			showEnvVarsInLog = 0;
		};
		601BAE5BFBAFF3E18FEC1D8D /* [CP] Check Pods Manifest.lock */ = {
			isa = PBXShellScriptBuildPhase;
			buildActionMask = 2147483647;
			files = (
			);
			inputFileListPaths = (
			);
			inputPaths = (
				"${PODS_PODFILE_DIR_PATH}/Podfile.lock",
				"${PODS_ROOT}/Manifest.lock",
			);
			name = "[CP] Check Pods Manifest.lock";
			outputFileListPaths = (
			);
			outputPaths = (
				"$(DERIVED_FILE_DIR)/Pods-SharedPods-Muvin-checkManifestLockResult.txt",
			);
			runOnlyForDeploymentPostprocessing = 0;
			shellPath = /bin/sh;
			shellScript = "diff \"${PODS_PODFILE_DIR_PATH}/Podfile.lock\" \"${PODS_ROOT}/Manifest.lock\" > /dev/null\nif [ $? != 0 ] ; then\n    # print error to STDERR\n    echo \"error: The sandbox is not in sync with the Podfile.lock. Run 'pod install' or update your CocoaPods installation.\" >&2\n    exit 1\nfi\n# This output is used by Xcode 'outputs' to avoid re-running this script phase.\necho \"SUCCESS\" > \"${SCRIPT_OUTPUT_FILE_0}\"\n";
			showEnvVarsInLog = 0;
		};
		8123F32F0E67054BD07BBBE1 /* [CP] Check Pods Manifest.lock */ = {
			isa = PBXShellScriptBuildPhase;
			buildActionMask = 2147483647;
			files = (
			);
			inputFileListPaths = (
			);
			inputPaths = (
				"${PODS_PODFILE_DIR_PATH}/Podfile.lock",
				"${PODS_ROOT}/Manifest.lock",
			);
			name = "[CP] Check Pods Manifest.lock";
			outputFileListPaths = (
			);
			outputPaths = (
				"$(DERIVED_FILE_DIR)/Pods-SharedPods-HornsApp-checkManifestLockResult.txt",
			);
			runOnlyForDeploymentPostprocessing = 0;
			shellPath = /bin/sh;
			shellScript = "diff \"${PODS_PODFILE_DIR_PATH}/Podfile.lock\" \"${PODS_ROOT}/Manifest.lock\" > /dev/null\nif [ $? != 0 ] ; then\n    # print error to STDERR\n    echo \"error: The sandbox is not in sync with the Podfile.lock. Run 'pod install' or update your CocoaPods installation.\" >&2\n    exit 1\nfi\n# This output is used by Xcode 'outputs' to avoid re-running this script phase.\necho \"SUCCESS\" > \"${SCRIPT_OUTPUT_FILE_0}\"\n";
			showEnvVarsInLog = 0;
		};
		9818E39EC42848993C2CA44B /* [CP] Copy Pods Resources */ = {
			isa = PBXShellScriptBuildPhase;
			buildActionMask = 2147483647;
			files = (
			);
			inputFileListPaths = (
				"${PODS_ROOT}/Target Support Files/Pods-SharedPods-Muvin/Pods-SharedPods-Muvin-resources-${CONFIGURATION}-input-files.xcfilelist",
			);
			inputPaths = (
			);
			name = "[CP] Copy Pods Resources";
			outputFileListPaths = (
				"${PODS_ROOT}/Target Support Files/Pods-SharedPods-Muvin/Pods-SharedPods-Muvin-resources-${CONFIGURATION}-output-files.xcfilelist",
			);
			outputPaths = (
			);
			runOnlyForDeploymentPostprocessing = 0;
			shellPath = /bin/sh;
			shellScript = "\"${PODS_ROOT}/Target Support Files/Pods-SharedPods-Muvin/Pods-SharedPods-Muvin-resources.sh\"\n";
			showEnvVarsInLog = 0;
		};
/* End PBXShellScriptBuildPhase section */

/* Begin PBXSourcesBuildPhase section */
		72B2D5B92DDA8F8B002A82C4 /* Sources */ = {
			isa = PBXSourcesBuildPhase;
			buildActionMask = 2147483647;
			files = (
			);
			runOnlyForDeploymentPostprocessing = 0;
		};
		72B2D5C62DDA8F8D002A82C4 /* Sources */ = {
			isa = PBXSourcesBuildPhase;
			buildActionMask = 2147483647;
			files = (
			);
			runOnlyForDeploymentPostprocessing = 0;
		};
		72B2D5D02DDA8F8D002A82C4 /* Sources */ = {
			isa = PBXSourcesBuildPhase;
			buildActionMask = 2147483647;
			files = (
			);
			runOnlyForDeploymentPostprocessing = 0;
		};
		72B3EC1F2ECFBC8A001F0579 /* Sources */ = {
			isa = PBXSourcesBuildPhase;
			buildActionMask = 2147483647;
			files = (
			);
			runOnlyForDeploymentPostprocessing = 0;
		};
/* End PBXSourcesBuildPhase section */

/* Begin PBXTargetDependency section */
		72B2D5CC2DDA8F8D002A82C4 /* PBXTargetDependency */ = {
			isa = PBXTargetDependency;
			target = 72B2D5BC2DDA8F8B002A82C4 /* HornsApp */;
			targetProxy = 72B2D5CB2DDA8F8D002A82C4 /* PBXContainerItemProxy */;
		};
		72B2D5D62DDA8F8D002A82C4 /* PBXTargetDependency */ = {
			isa = PBXTargetDependency;
			target = 72B2D5BC2DDA8F8B002A82C4 /* HornsApp */;
			targetProxy = 72B2D5D52DDA8F8D002A82C4 /* PBXContainerItemProxy */;
		};
/* End PBXTargetDependency section */

/* Begin XCBuildConfiguration section */
		72B2D5DC2DDA8F8D002A82C4 /* Debug */ = {
			isa = XCBuildConfiguration;
			buildSettings = {
				ALWAYS_SEARCH_USER_PATHS = NO;
				ASSETCATALOG_COMPILER_GENERATE_SWIFT_ASSET_SYMBOL_EXTENSIONS = YES;
				CLANG_ANALYZER_NONNULL = YES;
				CLANG_ANALYZER_NUMBER_OBJECT_CONVERSION = YES_AGGRESSIVE;
				CLANG_CXX_LANGUAGE_STANDARD = "gnu++20";
				CLANG_ENABLE_MODULES = YES;
				CLANG_ENABLE_OBJC_ARC = YES;
				CLANG_ENABLE_OBJC_WEAK = YES;
				CLANG_WARN_BLOCK_CAPTURE_AUTORELEASING = YES;
				CLANG_WARN_BOOL_CONVERSION = YES;
				CLANG_WARN_COMMA = YES;
				CLANG_WARN_CONSTANT_CONVERSION = YES;
				CLANG_WARN_DEPRECATED_OBJC_IMPLEMENTATIONS = YES;
				CLANG_WARN_DIRECT_OBJC_ISA_USAGE = YES_ERROR;
				CLANG_WARN_DOCUMENTATION_COMMENTS = YES;
				CLANG_WARN_EMPTY_BODY = YES;
				CLANG_WARN_ENUM_CONVERSION = YES;
				CLANG_WARN_INFINITE_RECURSION = YES;
				CLANG_WARN_INT_CONVERSION = YES;
				CLANG_WARN_NON_LITERAL_NULL_CONVERSION = YES;
				CLANG_WARN_OBJC_IMPLICIT_RETAIN_SELF = YES;
				CLANG_WARN_OBJC_LITERAL_CONVERSION = YES;
				CLANG_WARN_OBJC_ROOT_CLASS = YES_ERROR;
				CLANG_WARN_QUOTED_INCLUDE_IN_FRAMEWORK_HEADER = YES;
				CLANG_WARN_RANGE_LOOP_ANALYSIS = YES;
				CLANG_WARN_STRICT_PROTOTYPES = YES;
				CLANG_WARN_SUSPICIOUS_MOVE = YES;
				CLANG_WARN_UNGUARDED_AVAILABILITY = YES_AGGRESSIVE;
				CLANG_WARN_UNREACHABLE_CODE = YES;
				CLANG_WARN__DUPLICATE_METHOD_MATCH = YES;
				COPY_PHASE_STRIP = NO;
				DEBUG_INFORMATION_FORMAT = dwarf;
				DEVELOPMENT_TEAM = 9J76T3335Y;
				ENABLE_STRICT_OBJC_MSGSEND = YES;
				ENABLE_TESTABILITY = YES;
				ENABLE_USER_SCRIPT_SANDBOXING = NO;
				GCC_C_LANGUAGE_STANDARD = gnu17;
				GCC_DYNAMIC_NO_PIC = NO;
				GCC_NO_COMMON_BLOCKS = YES;
				GCC_OPTIMIZATION_LEVEL = 0;
				GCC_PREPROCESSOR_DEFINITIONS = (
					"DEBUG=1",
					"$(inherited)",
				);
				GCC_WARN_64_TO_32_BIT_CONVERSION = YES;
				GCC_WARN_ABOUT_RETURN_TYPE = YES_ERROR;
				GCC_WARN_UNDECLARED_SELECTOR = YES;
				GCC_WARN_UNINITIALIZED_AUTOS = YES_AGGRESSIVE;
				GCC_WARN_UNUSED_FUNCTION = YES;
				GCC_WARN_UNUSED_VARIABLE = YES;
				IPHONEOS_DEPLOYMENT_TARGET = 18.4;
				LOCALIZATION_PREFERS_STRING_CATALOGS = YES;
				MTL_ENABLE_DEBUG_INFO = INCLUDE_SOURCE;
				MTL_FAST_MATH = YES;
				ONLY_ACTIVE_ARCH = YES;
				SDKROOT = iphoneos;
				SWIFT_ACTIVE_COMPILATION_CONDITIONS = "DEBUG $(inherited)";
				SWIFT_EMIT_LOC_STRINGS = YES;
				SWIFT_OPTIMIZATION_LEVEL = "-Onone";
			};
			name = Debug;
		};
		72B2D5DD2DDA8F8D002A82C4 /* Release */ = {
			isa = XCBuildConfiguration;
			buildSettings = {
				ALWAYS_SEARCH_USER_PATHS = NO;
				ASSETCATALOG_COMPILER_GENERATE_SWIFT_ASSET_SYMBOL_EXTENSIONS = YES;
				CLANG_ANALYZER_NONNULL = YES;
				CLANG_ANALYZER_NUMBER_OBJECT_CONVERSION = YES_AGGRESSIVE;
				CLANG_CXX_LANGUAGE_STANDARD = "gnu++20";
				CLANG_ENABLE_MODULES = YES;
				CLANG_ENABLE_OBJC_ARC = YES;
				CLANG_ENABLE_OBJC_WEAK = YES;
				CLANG_WARN_BLOCK_CAPTURE_AUTORELEASING = YES;
				CLANG_WARN_BOOL_CONVERSION = YES;
				CLANG_WARN_COMMA = YES;
				CLANG_WARN_CONSTANT_CONVERSION = YES;
				CLANG_WARN_DEPRECATED_OBJC_IMPLEMENTATIONS = YES;
				CLANG_WARN_DIRECT_OBJC_ISA_USAGE = YES_ERROR;
				CLANG_WARN_DOCUMENTATION_COMMENTS = YES;
				CLANG_WARN_EMPTY_BODY = YES;
				CLANG_WARN_ENUM_CONVERSION = YES;
				CLANG_WARN_INFINITE_RECURSION = YES;
				CLANG_WARN_INT_CONVERSION = YES;
				CLANG_WARN_NON_LITERAL_NULL_CONVERSION = YES;
				CLANG_WARN_OBJC_IMPLICIT_RETAIN_SELF = YES;
				CLANG_WARN_OBJC_LITERAL_CONVERSION = YES;
				CLANG_WARN_OBJC_ROOT_CLASS = YES_ERROR;
				CLANG_WARN_QUOTED_INCLUDE_IN_FRAMEWORK_HEADER = YES;
				CLANG_WARN_RANGE_LOOP_ANALYSIS = YES;
				CLANG_WARN_STRICT_PROTOTYPES = YES;
				CLANG_WARN_SUSPICIOUS_MOVE = YES;
				CLANG_WARN_UNGUARDED_AVAILABILITY = YES_AGGRESSIVE;
				CLANG_WARN_UNREACHABLE_CODE = YES;
				CLANG_WARN__DUPLICATE_METHOD_MATCH = YES;
				COPY_PHASE_STRIP = NO;
				DEBUG_INFORMATION_FORMAT = "dwarf-with-dsym";
				DEVELOPMENT_TEAM = 9J76T3335Y;
				ENABLE_NS_ASSERTIONS = NO;
				ENABLE_STRICT_OBJC_MSGSEND = YES;
				ENABLE_USER_SCRIPT_SANDBOXING = NO;
				GCC_C_LANGUAGE_STANDARD = gnu17;
				GCC_NO_COMMON_BLOCKS = YES;
				GCC_WARN_64_TO_32_BIT_CONVERSION = YES;
				GCC_WARN_ABOUT_RETURN_TYPE = YES_ERROR;
				GCC_WARN_UNDECLARED_SELECTOR = YES;
				GCC_WARN_UNINITIALIZED_AUTOS = YES_AGGRESSIVE;
				GCC_WARN_UNUSED_FUNCTION = YES;
				GCC_WARN_UNUSED_VARIABLE = YES;
				IPHONEOS_DEPLOYMENT_TARGET = 18.4;
				LOCALIZATION_PREFERS_STRING_CATALOGS = YES;
				MTL_ENABLE_DEBUG_INFO = NO;
				MTL_FAST_MATH = YES;
				SDKROOT = iphoneos;
				SWIFT_COMPILATION_MODE = wholemodule;
				SWIFT_EMIT_LOC_STRINGS = YES;
				VALIDATE_PRODUCT = YES;
			};
			name = Release;
		};
		72B2D5DF2DDA8F8D002A82C4 /* Debug */ = {
			isa = XCBuildConfiguration;
			baseConfigurationReference = B3E5F0BE5E5F45130DD60F15 /* Pods-SharedPods-HornsApp.debug.xcconfig */;
			buildSettings = {
				ASSETCATALOG_COMPILER_APPICON_NAME = AppIcon;
				ASSETCATALOG_COMPILER_GLOBAL_ACCENT_COLOR_NAME = AccentColor;
				ASSETCATALOG_COMPILER_INCLUDE_ALL_APPICON_ASSETS = NO;
				CLANG_ENABLE_MODULES = YES;
				CODE_SIGN_STYLE = Automatic;
				CURRENT_PROJECT_VERSION = 1;
				DEVELOPMENT_ASSET_PATHS = "";
				DEVELOPMENT_TEAM = 9J76T3335Y;
				ENABLE_PREVIEWS = YES;
				GENERATE_INFOPLIST_FILE = YES;
				INFOPLIST_FILE = "HornsApp/HornsApp-Info.plist";
				INFOPLIST_KEY_UIApplicationSceneManifest_Generation = YES;
				INFOPLIST_KEY_UIApplicationSupportsIndirectInputEvents = YES;
				INFOPLIST_KEY_UILaunchScreen_Generation = YES;
				INFOPLIST_KEY_UISupportedInterfaceOrientations_iPad = "UIInterfaceOrientationPortrait UIInterfaceOrientationPortraitUpsideDown UIInterfaceOrientationLandscapeLeft UIInterfaceOrientationLandscapeRight";
				INFOPLIST_KEY_UISupportedInterfaceOrientations_iPhone = "UIInterfaceOrientationPortrait UIInterfaceOrientationLandscapeLeft UIInterfaceOrientationLandscapeRight";
				LD_RUNPATH_SEARCH_PATHS = (
					"$(inherited)",
					"@executable_path/Frameworks",
				);
				MARKETING_VERSION = 1.0;
				PRODUCT_BUNDLE_IDENTIFIER = com.yesferal.HornsApp;
				PRODUCT_NAME = "$(TARGET_NAME)";
				SWIFT_EMIT_LOC_STRINGS = YES;
				SWIFT_OBJC_BRIDGING_HEADER = "BaseApp/framework/hapk/Hapk-Bridging-Header.h";
				SWIFT_OPTIMIZATION_LEVEL = "-Onone";
				SWIFT_VERSION = 5.0;
				TARGETED_DEVICE_FAMILY = "1,2";
			};
			name = Debug;
		};
		72B2D5E02DDA8F8D002A82C4 /* Release */ = {
			isa = XCBuildConfiguration;
			baseConfigurationReference = BC745B95020C68E4D8DFE224 /* Pods-SharedPods-HornsApp.release.xcconfig */;
			buildSettings = {
				ASSETCATALOG_COMPILER_APPICON_NAME = AppIcon;
				ASSETCATALOG_COMPILER_GLOBAL_ACCENT_COLOR_NAME = AccentColor;
				ASSETCATALOG_COMPILER_INCLUDE_ALL_APPICON_ASSETS = NO;
				CLANG_ENABLE_MODULES = YES;
				CODE_SIGN_STYLE = Automatic;
				CURRENT_PROJECT_VERSION = 1;
				DEVELOPMENT_ASSET_PATHS = "";
				DEVELOPMENT_TEAM = 9J76T3335Y;
				ENABLE_PREVIEWS = YES;
				GENERATE_INFOPLIST_FILE = YES;
				INFOPLIST_FILE = "HornsApp/HornsApp-Info.plist";
				INFOPLIST_KEY_UIApplicationSceneManifest_Generation = YES;
				INFOPLIST_KEY_UIApplicationSupportsIndirectInputEvents = YES;
				INFOPLIST_KEY_UILaunchScreen_Generation = YES;
				INFOPLIST_KEY_UISupportedInterfaceOrientations_iPad = "UIInterfaceOrientationPortrait UIInterfaceOrientationPortraitUpsideDown UIInterfaceOrientationLandscapeLeft UIInterfaceOrientationLandscapeRight";
				INFOPLIST_KEY_UISupportedInterfaceOrientations_iPhone = "UIInterfaceOrientationPortrait UIInterfaceOrientationLandscapeLeft UIInterfaceOrientationLandscapeRight";
				LD_RUNPATH_SEARCH_PATHS = (
					"$(inherited)",
					"@executable_path/Frameworks",
				);
				MARKETING_VERSION = 1.0;
				PRODUCT_BUNDLE_IDENTIFIER = com.yesferal.HornsApp;
				PRODUCT_NAME = "$(TARGET_NAME)";
				SWIFT_EMIT_LOC_STRINGS = YES;
				SWIFT_OBJC_BRIDGING_HEADER = "BaseApp/framework/hapk/Hapk-Bridging-Header.h";
				SWIFT_VERSION = 5.0;
				TARGETED_DEVICE_FAMILY = "1,2";
			};
			name = Release;
		};
		72B2D5E22DDA8F8D002A82C4 /* Debug */ = {
			isa = XCBuildConfiguration;
			buildSettings = {
				BUNDLE_LOADER = "$(TEST_HOST)";
				CODE_SIGN_STYLE = Automatic;
				CURRENT_PROJECT_VERSION = 1;
				DEVELOPMENT_TEAM = 9J76T3335Y;
				GENERATE_INFOPLIST_FILE = YES;
				IPHONEOS_DEPLOYMENT_TARGET = 18.4;
				MARKETING_VERSION = 1.0;
				PRODUCT_BUNDLE_IDENTIFIER = com.yesferal.HornsAppTests;
				PRODUCT_NAME = "$(TARGET_NAME)";
				SWIFT_EMIT_LOC_STRINGS = NO;
				SWIFT_VERSION = 5.0;
				TARGETED_DEVICE_FAMILY = "1,2";
				TEST_HOST = "$(BUILT_PRODUCTS_DIR)/HornsApp.app/$(BUNDLE_EXECUTABLE_FOLDER_PATH)/HornsApp";
			};
			name = Debug;
		};
		72B2D5E32DDA8F8D002A82C4 /* Release */ = {
			isa = XCBuildConfiguration;
			buildSettings = {
				BUNDLE_LOADER = "$(TEST_HOST)";
				CODE_SIGN_STYLE = Automatic;
				CURRENT_PROJECT_VERSION = 1;
				DEVELOPMENT_TEAM = 9J76T3335Y;
				GENERATE_INFOPLIST_FILE = YES;
				IPHONEOS_DEPLOYMENT_TARGET = 18.4;
				MARKETING_VERSION = 1.0;
				PRODUCT_BUNDLE_IDENTIFIER = com.yesferal.HornsAppTests;
				PRODUCT_NAME = "$(TARGET_NAME)";
				SWIFT_EMIT_LOC_STRINGS = NO;
				SWIFT_VERSION = 5.0;
				TARGETED_DEVICE_FAMILY = "1,2";
				TEST_HOST = "$(BUILT_PRODUCTS_DIR)/HornsApp.app/$(BUNDLE_EXECUTABLE_FOLDER_PATH)/HornsApp";
			};
			name = Release;
		};
		72B2D5E52DDA8F8D002A82C4 /* Debug */ = {
			isa = XCBuildConfiguration;
			buildSettings = {
				CODE_SIGN_STYLE = Automatic;
				CURRENT_PROJECT_VERSION = 1;
				DEVELOPMENT_TEAM = 9J76T3335Y;
				GENERATE_INFOPLIST_FILE = YES;
				MARKETING_VERSION = 1.0;
				PRODUCT_BUNDLE_IDENTIFIER = com.yesferal.HornsAppUITests;
				PRODUCT_NAME = "$(TARGET_NAME)";
				SWIFT_EMIT_LOC_STRINGS = NO;
				SWIFT_VERSION = 5.0;
				TARGETED_DEVICE_FAMILY = "1,2";
				TEST_TARGET_NAME = HornsApp;
			};
			name = Debug;
		};
		72B2D5E62DDA8F8D002A82C4 /* Release */ = {
			isa = XCBuildConfiguration;
			buildSettings = {
				CODE_SIGN_STYLE = Automatic;
				CURRENT_PROJECT_VERSION = 1;
				DEVELOPMENT_TEAM = 9J76T3335Y;
				GENERATE_INFOPLIST_FILE = YES;
				MARKETING_VERSION = 1.0;
				PRODUCT_BUNDLE_IDENTIFIER = com.yesferal.HornsAppUITests;
				PRODUCT_NAME = "$(TARGET_NAME)";
				SWIFT_EMIT_LOC_STRINGS = NO;
				SWIFT_VERSION = 5.0;
				TARGETED_DEVICE_FAMILY = "1,2";
				TEST_TARGET_NAME = HornsApp;
			};
			name = Release;
		};
		72B3EC262ECFBC8A001F0579 /* Debug */ = {
			isa = XCBuildConfiguration;
			baseConfigurationReference = BA62687FBCBA033DE8E50125 /* Pods-SharedPods-Muvin.debug.xcconfig */;
			buildSettings = {
				ASSETCATALOG_COMPILER_APPICON_NAME = AppIcon;
				ASSETCATALOG_COMPILER_GLOBAL_ACCENT_COLOR_NAME = AccentColor;
				ASSETCATALOG_COMPILER_INCLUDE_ALL_APPICON_ASSETS = NO;
				CLANG_ENABLE_MODULES = YES;
				CODE_SIGN_STYLE = Automatic;
				CURRENT_PROJECT_VERSION = 1;
				DEVELOPMENT_TEAM = 9J76T3335Y;
				ENABLE_PREVIEWS = YES;
				GENERATE_INFOPLIST_FILE = YES;
				INFOPLIST_FILE = "MuvinApp/Muvin-Info.plist";
				INFOPLIST_KEY_UIApplicationSceneManifest_Generation = YES;
				INFOPLIST_KEY_UIApplicationSupportsIndirectInputEvents = YES;
				INFOPLIST_KEY_UILaunchScreen_Generation = YES;
				INFOPLIST_KEY_UISupportedInterfaceOrientations_iPad = "UIInterfaceOrientationPortrait UIInterfaceOrientationPortraitUpsideDown UIInterfaceOrientationLandscapeLeft UIInterfaceOrientationLandscapeRight";
				INFOPLIST_KEY_UISupportedInterfaceOrientations_iPhone = "UIInterfaceOrientationPortrait UIInterfaceOrientationLandscapeLeft UIInterfaceOrientationLandscapeRight";
				LD_RUNPATH_SEARCH_PATHS = (
					"$(inherited)",
					"@executable_path/Frameworks",
				);
				MARKETING_VERSION = 1.0;
				PRODUCT_BUNDLE_IDENTIFIER = com.yesferal.MuvinApp;
				PRODUCT_NAME = "$(TARGET_NAME)";
				SWIFT_EMIT_LOC_STRINGS = YES;
				SWIFT_OBJC_BRIDGING_HEADER = "BaseApp/framework/hapk/Hapk-Bridging-Header.h";
				SWIFT_OPTIMIZATION_LEVEL = "-Onone";
				SWIFT_VERSION = 5.0;
				TARGETED_DEVICE_FAMILY = "1,2";
			};
			name = Debug;
		};
		72B3EC272ECFBC8A001F0579 /* Release */ = {
			isa = XCBuildConfiguration;
			baseConfigurationReference = CE6CEE60CF41F5AF131216E0 /* Pods-SharedPods-Muvin.release.xcconfig */;
			buildSettings = {
				ASSETCATALOG_COMPILER_APPICON_NAME = AppIcon;
				ASSETCATALOG_COMPILER_GLOBAL_ACCENT_COLOR_NAME = AccentColor;
				ASSETCATALOG_COMPILER_INCLUDE_ALL_APPICON_ASSETS = NO;
				CLANG_ENABLE_MODULES = YES;
				CODE_SIGN_STYLE = Automatic;
				CURRENT_PROJECT_VERSION = 1;
				DEVELOPMENT_TEAM = 9J76T3335Y;
				ENABLE_PREVIEWS = YES;
				GENERATE_INFOPLIST_FILE = YES;
				INFOPLIST_FILE = "MuvinApp/Muvin-Info.plist";
				INFOPLIST_KEY_UIApplicationSceneManifest_Generation = YES;
				INFOPLIST_KEY_UIApplicationSupportsIndirectInputEvents = YES;
				INFOPLIST_KEY_UILaunchScreen_Generation = YES;
				INFOPLIST_KEY_UISupportedInterfaceOrientations_iPad = "UIInterfaceOrientationPortrait UIInterfaceOrientationPortraitUpsideDown UIInterfaceOrientationLandscapeLeft UIInterfaceOrientationLandscapeRight";
				INFOPLIST_KEY_UISupportedInterfaceOrientations_iPhone = "UIInterfaceOrientationPortrait UIInterfaceOrientationLandscapeLeft UIInterfaceOrientationLandscapeRight";
				LD_RUNPATH_SEARCH_PATHS = (
					"$(inherited)",
					"@executable_path/Frameworks",
				);
				MARKETING_VERSION = 1.0;
				PRODUCT_BUNDLE_IDENTIFIER = com.yesferal.MuvinApp;
				PRODUCT_NAME = "$(TARGET_NAME)";
				SWIFT_EMIT_LOC_STRINGS = YES;
				SWIFT_OBJC_BRIDGING_HEADER = "BaseApp/framework/hapk/Hapk-Bridging-Header.h";
				SWIFT_VERSION = 5.0;
				TARGETED_DEVICE_FAMILY = "1,2";
			};
			name = Release;
		};
/* End XCBuildConfiguration section */

/* Begin XCConfigurationList section */
		72B2D5B82DDA8F8B002A82C4 /* Build configuration list for PBXProject "HornsApp" */ = {
			isa = XCConfigurationList;
			buildConfigurations = (
				72B2D5DC2DDA8F8D002A82C4 /* Debug */,
				72B2D5DD2DDA8F8D002A82C4 /* Release */,
			);
			defaultConfigurationIsVisible = 0;
			defaultConfigurationName = Release;
		};
		72B2D5DE2DDA8F8D002A82C4 /* Build configuration list for PBXNativeTarget "HornsApp" */ = {
			isa = XCConfigurationList;
			buildConfigurations = (
				72B2D5DF2DDA8F8D002A82C4 /* Debug */,
				72B2D5E02DDA8F8D002A82C4 /* Release */,
			);
			defaultConfigurationIsVisible = 0;
			defaultConfigurationName = Release;
		};
		72B2D5E12DDA8F8D002A82C4 /* Build configuration list for PBXNativeTarget "HornsAppTests" */ = {
			isa = XCConfigurationList;
			buildConfigurations = (
				72B2D5E22DDA8F8D002A82C4 /* Debug */,
				72B2D5E32DDA8F8D002A82C4 /* Release */,
			);
			defaultConfigurationIsVisible = 0;
			defaultConfigurationName = Release;
		};
		72B2D5E42DDA8F8D002A82C4 /* Build configuration list for PBXNativeTarget "HornsAppUITests" */ = {
			isa = XCConfigurationList;
			buildConfigurations = (
				72B2D5E52DDA8F8D002A82C4 /* Debug */,
				72B2D5E62DDA8F8D002A82C4 /* Release */,
			);
			defaultConfigurationIsVisible = 0;
			defaultConfigurationName = Release;
		};
		72B3EC252ECFBC8A001F0579 /* Build configuration list for PBXNativeTarget "MuvinApp" */ = {
			isa = XCConfigurationList;
			buildConfigurations = (
				72B3EC262ECFBC8A001F0579 /* Debug */,
				72B3EC272ECFBC8A001F0579 /* Release */,
			);
			defaultConfigurationIsVisible = 0;
			defaultConfigurationName = Release;
		};
/* End XCConfigurationList section */
	};
	rootObject = 72B2D5B52DDA8F8B002A82C4 /* Project object */;
}
